
Microsoft Visual Studio Solution File, Format Version 12.00
# Visual Studio Version 17
VisualStudioVersion = 17.13.35818.85 d17.13
MinimumVisualStudioVersion = 10.0.40219.1
Project("{FAE04EC0-301F-11D3-BF4B-00C04F79EFBC}") = "MVVMDemo2", "MVVMDemo2\MVVMDemo2.csproj", "{108F627A-67E8-413D-9840-2557374F83F6}"
EndProject
Global
	GlobalSection(SolutionConfigurationPlatforms) = preSolution
		Debug|Any CPU = Debug|Any CPU
		Release|Any CPU = Release|Any CPU
	EndGlobalSection
	GlobalSection(ProjectConfigurationPlatforms) = postSolution
		{108F627A-67E8-413D-9840-2557374F83F6}.Debug|Any CPU.ActiveCfg = Debug|Any CPU
		{108F627A-67E8-413D-9840-2557374F83F6}.Debug|Any CPU.Build.0 = Debug|Any CPU
		{108F627A-67E8-413D-9840-2557374F83F6}.Debug|Any CPU.Deploy.0 = Debug|Any CPU
		{108F627A-67E8-413D-9840-2557374F83F6}.Release|Any CPU.ActiveCfg = Release|Any CPU
		{108F627A-67E8-413D-9840-2557374F83F6}.Release|Any CPU.Build.0 = Release|Any CPU
		{108F627A-67E8-413D-9840-2557374F83F6}.Release|Any CPU.Deploy.0 = Release|Any CPU
	EndGlobalSection
	GlobalSection(SolutionProperties) = preSolution
		HideSolutionNode = FALSE
	EndGlobalSection
	GlobalSection(ExtensibilityGlobals) = postSolution
		SolutionGuid = {6E4282F0-6447-49EE-B175-FA02A1BB5F37}
	EndGlobalSection
EndGlobal
